// !$*UTF8*$!
{
	archiveVersion = 1;
	classes = {
	};
	objectVersion = 50;
	objects = {

/* Begin PBXBuildFile section */
		ED58769B226AE53E0011741B /* AppDelegate.swift in Sources */ = {isa = PBXBuildFile; fileRef = ED58769A226AE53E0011741B /* AppDelegate.swift */; };
		ED5876A0226AE53E0011741B /* Main.storyboard in Resources */ = {isa = PBXBuildFile; fileRef = ED58769E226AE53E0011741B /* Main.storyboard */; };
		ED5876A2226AE5410011741B /* Assets.xcassets in Resources */ = {isa = PBXBuildFile; fileRef = ED5876A1226AE5410011741B /* Assets.xcassets */; };
		ED5876A5226AE5410011741B /* LaunchScreen.storyboard in Resources */ = {isa = PBXBuildFile; fileRef = ED5876A3226AE5410011741B /* LaunchScreen.storyboard */; };
		ED5876B0226AE77C0011741B /* MainTableViewController.swift in Sources */ = {isa = PBXBuildFile; fileRef = ED5876AF226AE77C0011741B /* MainTableViewController.swift */; };
		ED5876B3226AE7C80011741B /* RoundedTableViewCell.swift in Sources */ = {isa = PBXBuildFile; fileRef = ED5876B2226AE7C80011741B /* RoundedTableViewCell.swift */; };
/* End PBXBuildFile section */

/* Begin PBXFileReference section */
		ED587697226AE53E0011741B /* TableTransitional-View.app */ = {isa = PBXFileReference; explicitFileType = wrapper.application; includeInIndex = 0; path = "TableTransitional-View.app"; sourceTree = BUILT_PRODUCTS_DIR; };
		ED58769A226AE53E0011741B /* AppDelegate.swift */ = {isa = PBXFileReference; lastKnownFileType = sourcecode.swift; path = AppDelegate.swift; sourceTree = "<group>"; };
		ED58769F226AE53E0011741B /* Base */ = {isa = PBXFileReference; lastKnownFileType = file.storyboard; name = Base; path = Base.lproj/Main.storyboard; sourceTree = "<group>"; };
		ED5876A1226AE5410011741B /* Assets.xcassets */ = {isa = PBXFileReference; lastKnownFileType = folder.assetcatalog; path = Assets.xcassets; sourceTree = "<group>"; };
		ED5876A4226AE5410011741B /* Base */ = {isa = PBXFileReference; lastKnownFileType = file.storyboard; name = Base; path = Base.lproj/LaunchScreen.storyboard; sourceTree = "<group>"; };
		ED5876A6226AE5410011741B /* Info.plist */ = {isa = PBXFileReference; lastKnownFileType = text.plist.xml; path = Info.plist; sourceTree = "<group>"; };
		ED5876AF226AE77C0011741B /* MainTableViewController.swift */ = {isa = PBXFileReference; lastKnownFileType = sourcecode.swift; path = MainTableViewController.swift; sourceTree = "<group>"; };
		ED5876B2226AE7C80011741B /* RoundedTableViewCell.swift */ = {isa = PBXFileReference; lastKnownFileType = sourcecode.swift; path = RoundedTableViewCell.swift; sourceTree = "<group>"; };
/* End PBXFileReference section */

/* Begin PBXFrameworksBuildPhase section */
		ED587694226AE53E0011741B /* Frameworks */ = {
			isa = PBXFrameworksBuildPhase;
			buildActionMask = 2147483647;
			files = (
			);
			runOnlyForDeploymentPostprocessing = 0;
		};
/* End PBXFrameworksBuildPhase section */

/* Begin PBXGroup section */
		ED58768E226AE53D0011741B = {
			isa = PBXGroup;
			children = (
				ED587699226AE53E0011741B /* TableTransitional-View */,
				ED587698226AE53E0011741B /* Products */,
			);
			sourceTree = "<group>";
		};
		ED587698226AE53E0011741B /* Products */ = {
			isa = PBXGroup;
			children = (
				ED587697226AE53E0011741B /* TableTransitional-View.app */,
			);
			name = Products;
			sourceTree = "<group>";
		};
		ED587699226AE53E0011741B /* TableTransitional-View */ = {
			isa = PBXGroup;
			children = (
				ED58769A226AE53E0011741B /* AppDelegate.swift */,
				ED5876AE226AE75A0011741B /* Model */,
				ED5876AD226AE7540011741B /* View */,
				ED5876AC226AE74C0011741B /* Controller */,
				ED58769E226AE53E0011741B /* Main.storyboard */,
				ED5876A1226AE5410011741B /* Assets.xcassets */,
				ED5876A3226AE5410011741B /* LaunchScreen.storyboard */,
				ED5876A6226AE5410011741B /* Info.plist */,
			);
			path = "TableTransitional-View";
			sourceTree = "<group>";
		};
		ED5876AC226AE74C0011741B /* Controller */ = {
			isa = PBXGroup;
			children = (
				ED5876AF226AE77C0011741B /* MainTableViewController.swift */,
			);
			path = Controller;
			sourceTree = "<group>";
		};
		ED5876AD226AE7540011741B /* View */ = {
			isa = PBXGroup;
			children = (
				ED5876B1226AE79D0011741B /* TableCell Classes */,
			);
			path = View;
			sourceTree = "<group>";
		};
		ED5876AE226AE75A0011741B /* Model */ = {
			isa = PBXGroup;
			children = (
			);
			path = Model;
			sourceTree = "<group>";
		};
		ED5876B1226AE79D0011741B /* TableCell Classes */ = {
			isa = PBXGroup;
			children = (
				ED5876B2226AE7C80011741B /* RoundedTableViewCell.swift */,
			);
			path = "TableCell Classes";
			sourceTree = "<group>";
		};
/* End PBXGroup section */

/* Begin PBXNativeTarget section */
		ED587696226AE53E0011741B /* TableTransitional-View */ = {
			isa = PBXNativeTarget;
			buildConfigurationList = ED5876A9226AE5410011741B /* Build configuration list for PBXNativeTarget "TableTransitional-View" */;
			buildPhases = (
				ED587693226AE53E0011741B /* Sources */,
				ED587694226AE53E0011741B /* Frameworks */,
				ED587695226AE53E0011741B /* Resources */,
			);
			buildRules = (
			);
			dependencies = (
			);
			name = "TableTransitional-View";
			productName = "TableTransitional-View";
			productReference = ED587697226AE53E0011741B /* TableTransitional-View.app */;
			productType = "com.apple.product-type.application";
		};
/* End PBXNativeTarget section */

/* Begin PBXProject section */
		ED58768F226AE53E0011741B /* Project object */ = {
			isa = PBXProject;
			attributes = {
				LastSwiftUpdateCheck = 1020;
				LastUpgradeCheck = 1020;
				ORGANIZATIONNAME = "Neftali Samarey";
				TargetAttributes = {
					ED587696226AE53E0011741B = {
						CreatedOnToolsVersion = 10.2;
					};
				};
			};
			buildConfigurationList = ED587692226AE53E0011741B /* Build configuration list for PBXProject "TableTransitional-View" */;
			compatibilityVersion = "Xcode 9.3";
			developmentRegion = en;
			hasScannedForEncodings = 0;
			knownRegions = (
				en,
				Base,
			);
			mainGroup = ED58768E226AE53D0011741B;
			productRefGroup = ED587698226AE53E0011741B /* Products */;
			projectDirPath = "";
			projectRoot = "";
			targets = (
				ED587696226AE53E0011741B /* TableTransitional-View */,
			);
		};
/* End PBXProject section */

/* Begin PBXResourcesBuildPhase section */
		ED587695226AE53E0011741B /* Resources */ = {
			isa = PBXResourcesBuildPhase;
			buildActionMask = 2147483647;
			files = (
				ED5876A5226AE5410011741B /* LaunchScreen.storyboard in Resources */,
				ED5876A2226AE5410011741B /* Assets.xcassets in Resources */,
				ED5876A0226AE53E0011741B /* Main.storyboard in Resources */,
			);
			runOnlyForDeploymentPostprocessing = 0;
		};
/* End PBXResourcesBuildPhase section */

/* Begin PBXSourcesBuildPhase section */
		ED587693226AE53E0011741B /* Sources */ = {
			isa = PBXSourcesBuildPhase;
			buildActionMask = 2147483647;
			files = (
				ED5876B0226AE77C0011741B /* MainTableViewController.swift in Sources */,
				ED58769B226AE53E0011741B /* AppDelegate.swift in Sources */,
				ED5876B3226AE7C80011741B /* RoundedTableViewCell.swift in Sources */,
			);
			runOnlyForDeploymentPostprocessing = 0;
		};
/* End PBXSourcesBuildPhase section */

/* Begin PBXVariantGroup section */
		ED58769E226AE53E0011741B /* Main.storyboard */ = {
			isa = PBXVariantGroup;
			children = (
				ED58769F226AE53E0011741B /* Base */,
			);
			name = Main.storyboard;
			sourceTree = "<group>";
		};
		ED5876A3226AE5410011741B /* LaunchScreen.storyboard */ = {
			isa = PBXVariantGroup;
			children = (
				ED5876A4226AE5410011741B /* Base */,
			);
			name = LaunchScreen.storyboard;
			sourceTree = "<group>";
		};
/* End PBXVariantGroup section */

/* Begin XCBuildConfiguration section */
		ED5876A7226AE5410011741B /* Debug */ = {
			isa = XCBuildConfiguration;
			buildSettings = {
				ALWAYS_SEARCH_USER_PATHS = NO;
				CLANG_ANALYZER_NONNULL = YES;
				CLANG_ANALYZER_NUMBER_OBJECT_CONVERSION = YES_AGGRESSIVE;
				CLANG_CXX_LANGUAGE_STANDARD = "gnu++14";
				CLANG_CXX_LIBRARY = "libc++";
				CLANG_ENABLE_MODULES = YES;
				CLANG_ENABLE_OBJC_ARC = YES;
				CLANG_ENABLE_OBJC_WEAK = YES;
				CLANG_WARN_BLOCK_CAPTURE_AUTORELEASING = YES;
				CLANG_WARN_BOOL_CONVERSION = YES;
				CLANG_WARN_COMMA = YES;
				CLANG_WARN_CONSTANT_CONVERSION = YES;
				CLANG_WARN_DEPRECATED_OBJC_IMPLEMENTATIONS = YES;
				CLANG_WARN_DIRECT_OBJC_ISA_USAGE = YES_ERROR;
				CLANG_WARN_DOCUMENTATION_COMMENTS = YES;
				CLANG_WARN_EMPTY_BODY = YES;
				CLANG_WARN_ENUM_CONVERSION = YES;
				CLANG_WARN_INFINITE_RECURSION = YES;
				CLANG_WARN_INT_CONVERSION = YES;
				CLANG_WARN_NON_LITERAL_NULL_CONVERSION = YES;
				CLANG_WARN_OBJC_IMPLICIT_RETAIN_SELF = YES;
				CLANG_WARN_OBJC_LITERAL_CONVERSION = YES;
				CLANG_WARN_OBJC_ROOT_CLASS = YES_ERROR;
				CLANG_WARN_RANGE_LOOP_ANALYSIS = YES;
				CLANG_WARN_STRICT_PROTOTYPES = YES;
				CLANG_WARN_SUSPICIOUS_MOVE = YES;
				CLANG_WARN_UNGUARDED_AVAILABILITY = YES_AGGRESSIVE;
				CLANG_WARN_UNREACHABLE_CODE = YES;
				CLANG_WARN__DUPLICATE_METHOD_MATCH = YES;
				CODE_SIGN_IDENTITY = "iPhone Developer";
				COPY_PHASE_STRIP = NO;
				DEBUG_INFORMATION_FORMAT = dwarf;
				ENABLE_STRICT_OBJC_MSGSEND = YES;
				ENABLE_TESTABILITY = YES;
				GCC_C_LANGUAGE_STANDARD = gnu11;
				GCC_DYNAMIC_NO_PIC = NO;
				GCC_NO_COMMON_BLOCKS = YES;
				GCC_OPTIMIZATION_LEVEL = 0;
				GCC_PREPROCESSOR_DEFINITIONS = (
					"DEBUG=1",
					"$(inherited)",
				);
				GCC_WARN_64_TO_32_BIT_CONVERSION = YES;
				GCC_WARN_ABOUT_RETURN_TYPE = YES_ERROR;
				GCC_WARN_UNDECLARED_SELECTOR = YES;
				GCC_WARN_UNINITIALIZED_AUTOS = YES_AGGRESSIVE;
				GCC_WARN_UNUSED_FUNCTION = YES;
				GCC_WARN_UNUSED_VARIABLE = YES;
				IPHONEOS_DEPLOYMENT_TARGET = 12.2;
				MTL_ENABLE_DEBUG_INFO = INCLUDE_SOURCE;
				MTL_FAST_MATH = YES;
				ONLY_ACTIVE_ARCH = YES;
				SDKROOT = iphoneos;
				SWIFT_ACTIVE_COMPILATION_CONDITIONS = DEBUG;
				SWIFT_OPTIMIZATION_LEVEL = "-Onone";
			};
			name = Debug;
		};
		ED5876A8226AE5410011741B /* Release */ = {
			isa = XCBuildConfiguration;
			buildSettings = {
				ALWAYS_SEARCH_USER_PATHS = NO;
				CLANG_ANALYZER_NONNULL = YES;
				CLANG_ANALYZER_NUMBER_OBJECT_CONVERSION = YES_AGGRESSIVE;
				CLANG_CXX_LANGUAGE_STANDARD = "gnu++14";
				CLANG_CXX_LIBRARY = "libc++";
				CLANG_ENABLE_MODULES = YES;
				CLANG_ENABLE_OBJC_ARC = YES;
				CLANG_ENABLE_OBJC_WEAK = YES;
				CLANG_WARN_BLOCK_CAPTURE_AUTORELEASING = YES;
				CLANG_WARN_BOOL_CONVERSION = YES;
				CLANG_WARN_COMMA = YES;
				CLANG_WARN_CONSTANT_CONVERSION = YES;
				CLANG_WARN_DEPRECATED_OBJC_IMPLEMENTATIONS = YES;
				CLANG_WARN_DIRECT_OBJC_ISA_USAGE = YES_ERROR;
				CLANG_WARN_DOCUMENTATION_COMMENTS = YES;
				CLANG_WARN_EMPTY_BODY = YES;
				CLANG_WARN_ENUM_CONVERSION = YES;
				CLANG_WARN_INFINITE_RECURSION = YES;
				CLANG_WARN_INT_CONVERSION = YES;
				CLANG_WARN_NON_LITERAL_NULL_CONVERSION = YES;
				CLANG_WARN_OBJC_IMPLICIT_RETAIN_SELF = YES;
				CLANG_WARN_OBJC_LITERAL_CONVERSION = YES;
				CLANG_WARN_OBJC_ROOT_CLASS = YES_ERROR;
				CLANG_WARN_RANGE_LOOP_ANALYSIS = YES;
				CLANG_WARN_STRICT_PROTOTYPES = YES;
				CLANG_WARN_SUSPICIOUS_MOVE = YES;
				CLANG_WARN_UNGUARDED_AVAILABILITY = YES_AGGRESSIVE;
				CLANG_WARN_UNREACHABLE_CODE = YES;
				CLANG_WARN__DUPLICATE_METHOD_MATCH = YES;
				CODE_SIGN_IDENTITY = "iPhone Developer";
				COPY_PHASE_STRIP = NO;
				DEBUG_INFORMATION_FORMAT = "dwarf-with-dsym";
				ENABLE_NS_ASSERTIONS = NO;
				ENABLE_STRICT_OBJC_MSGSEND = YES;
				GCC_C_LANGUAGE_STANDARD = gnu11;
				GCC_NO_COMMON_BLOCKS = YES;
				GCC_WARN_64_TO_32_BIT_CONVERSION = YES;
				GCC_WARN_ABOUT_RETURN_TYPE = YES_ERROR;
				GCC_WARN_UNDECLARED_SELECTOR = YES;
				GCC_WARN_UNINITIALIZED_AUTOS = YES_AGGRESSIVE;
				GCC_WARN_UNUSED_FUNCTION = YES;
				GCC_WARN_UNUSED_VARIABLE = YES;
				IPHONEOS_DEPLOYMENT_TARGET = 12.2;
				MTL_ENABLE_DEBUG_INFO = NO;
				MTL_FAST_MATH = YES;
				SDKROOT = iphoneos;
				SWIFT_COMPILATION_MODE = wholemodule;
				SWIFT_OPTIMIZATION_LEVEL = "-O";
				VALIDATE_PRODUCT = YES;
			};
			name = Release;
		};
		ED5876AA226AE5410011741B /* Debug */ = {
			isa = XCBuildConfiguration;
			buildSettings = {
				ASSETCATALOG_COMPILER_APPICON_NAME = AppIcon;
				CODE_SIGN_STYLE = Automatic;
				DEVELOPMENT_TEAM = X752JDEFHP;
				INFOPLIST_FILE = "TableTransitional-View/Info.plist";
				LD_RUNPATH_SEARCH_PATHS = (
					"$(inherited)",
					"@executable_path/Frameworks",
				);
				PRODUCT_BUNDLE_IDENTIFIER = "samarey.TableTransitional-View";
				PRODUCT_NAME = "$(TARGET_NAME)";
				SWIFT_VERSION = 5.0;
				TARGETED_DEVICE_FAMILY = "1,2";
			};
			name = Debug;
		};
		ED5876AB226AE5410011741B /* Release */ = {
			isa = XCBuildConfiguration;
			buildSettings = {
				ASSETCATALOG_COMPILER_APPICON_NAME = AppIcon;
				CODE_SIGN_STYLE = Automatic;
				DEVELOPMENT_TEAM = X752JDEFHP;
				INFOPLIST_FILE = "TableTransitional-View/Info.plist";
				LD_RUNPATH_SEARCH_PATHS = (
					"$(inherited)",
					"@executable_path/Frameworks",
				);
				PRODUCT_BUNDLE_IDENTIFIER = "samarey.TableTransitional-View";
				PRODUCT_NAME = "$(TARGET_NAME)";
				SWIFT_VERSION = 5.0;
				TARGETED_DEVICE_FAMILY = "1,2";
			};
			name = Release;
		};
/* End XCBuildConfiguration section */

/* Begin XCConfigurationList section */
		ED587692226AE53E0011741B /* Build configuration list for PBXProject "TableTransitional-View" */ = {
			isa = XCConfigurationList;
			buildConfigurations = (
				ED5876A7226AE5410011741B /* Debug */,
				ED5876A8226AE5410011741B /* Release */,
			);
			defaultConfigurationIsVisible = 0;
			defaultConfigurationName = Release;
		};
		ED5876A9226AE5410011741B /* Build configuration list for PBXNativeTarget "TableTransitional-View" */ = {
			isa = XCConfigurationList;
			buildConfigurations = (
				ED5876AA226AE5410011741B /* Debug */,
				ED5876AB226AE5410011741B /* Release */,
			);
			defaultConfigurationIsVisible = 0;
			defaultConfigurationName = Release;
		};
/* End XCConfigurationList section */
	};
	rootObject = ED58768F226AE53E0011741B /* Project object */;
}
